schema: '2.0'
stages:
  split_data:
    cmd: uv run python -m shapiq_attribution.split_data
    deps:
    - path: configs/train.yaml
      hash: md5
      md5: adfedf2044d46b4ad529ab139beb82c7
      size: 631
    - path: data/processed/prompt_risk_dataset.jsonl
      hash: md5
      md5: ea68cc5d4b3e06eff5e2b31e0dda5d07
      size: 15310858
    - path: src/shapiq_attribution/data.py
      hash: md5
      md5: 59a16ce8e809ab7d1d5044799a47347d
      size: 18753
    - path: src/shapiq_attribution/split_data.py
      hash: md5
      md5: 99cba46d6ad0e2ff21c7c5d81ce5b138
      size: 4030
    outs:
    - path: data/processed/test.jsonl
      hash: md5
      md5: 79109b4b144de243ff713640a74c01dd
      size: 1512333
    - path: data/processed/train.jsonl
      hash: md5
      md5: a45115f150a9ee8b588752d59f550882
      size: 12284746
    - path: data/processed/val.jsonl
      hash: md5
      md5: bfaa37a410e9fd4171ecfb2d2c734aa7
      size: 1513779
  train:
    cmd: uv run python -m shapiq_attribution.train
    deps:
    - path: configs/train.yaml
      hash: md5
      md5: adfedf2044d46b4ad529ab139beb82c7
      size: 631
    - path: data/processed/test.jsonl
      hash: md5
      md5: dddcb6052973055ba845dc82247b39c3
      size: 54985
    - path: data/processed/train.jsonl
      hash: md5
      md5: 65e4168fe2782f29abf95a8d1cb23b87
      size: 429054
    - path: data/processed/val.jsonl
      hash: md5
      md5: 720d765ed83f6835de6a15ef1ba0a0eb
      size: 56788
    - path: src/shapiq_attribution/data.py
      hash: md5
      md5: 771d064204f5b1781e3174b954f1deed
      size: 14022
    - path: src/shapiq_attribution/evaluate.py
      hash: md5
      md5: f41fc28394c32a8edb3499eed20389dc
      size: 2266
    - path: src/shapiq_attribution/model.py
      hash: md5
      md5: 2f9dc1cfa3edb866c33cab1fca2ddfc1
      size: 4410
    - path: src/shapiq_attribution/train.py
      hash: md5
      md5: 90206c3c1d39be8ebf31fa40f45454cd
      size: 6204
    outs:
    - path: models/prompt_risk_distilbert
      hash: md5
      md5: 80dea7e5ee6b1218784a1c42543e247b.dir
      size: 268545213
      nfiles: 4
    - path: reports/metrics.json
      hash: md5
      md5: 5f97b4856269a103077ae9c063677318
      size: 296
  prepare_dataset:
    cmd: uv run python -m shapiq_attribution.data build-dataset --raw-dir 
      data/raw --output-path data/processed/prompt_risk_dataset.jsonl
    deps:
    - path: data/raw
      hash: md5
      md5: 88179b80e87ddd27ff52adddc5769eb8.dir
      size: 16755034
      nfiles: 7
    - path: src/shapiq_attribution/data.py
      hash: md5
      md5: 59a16ce8e809ab7d1d5044799a47347d
      size: 18753
    outs:
    - path: data/processed/prompt_risk_dataset.jsonl
      hash: md5
      md5: ea68cc5d4b3e06eff5e2b31e0dda5d07
      size: 15310858
